{
  "meteor": {},
  "dependencies": {
    "basePackages": {
      "three.js": {},
      "ThreeCSG": {}
    },
    "packages": {
      "three.js": {
        "git": "https://github.com/nozpheratu/three-meteor",
        "tag": "v0.0.1",
        "commit": "a437d4e0314b055b19cfc60fa9e1ddfac844a0d9"
      },
      "ThreeCSG": {
        "git": "https://github.com/ahdinosaur/meteor-ThreeCSG",
        "tag": "v0.0.2",
        "commit": "2dbf7b9604e28c796f12139acc6e8accfcafde33"
      }
    }
  }
}
